
Microsoft Visual Studio Solution File, Format Version 12.00
# Visual Studio Version 16
VisualStudioVersion = 16.0.30011.22
MinimumVisualStudioVersion = 10.0.40219.1
Project("{FAE04EC0-301F-11D3-BF4B-00C04F79EFBC}") = "WebAppMVC", "WebAppMVC.csproj", "{587C905F-1889-4945-934A-C2EBBA4ECCD0}"
EndProject
Global
	GlobalSection(SolutionConfigurationPlatforms) = preSolution
		Debug|Any CPU = Debug|Any CPU
		Release|Any CPU = Release|Any CPU
	EndGlobalSection
	GlobalSection(ProjectConfigurationPlatforms) = postSolution
		{587C905F-1889-4945-934A-C2EBBA4ECCD0}.Debug|Any CPU.ActiveCfg = Debug|Any CPU
		{587C905F-1889-4945-934A-C2EBBA4ECCD0}.Debug|Any CPU.Build.0 = Debug|Any CPU
		{587C905F-1889-4945-934A-C2EBBA4ECCD0}.Release|Any CPU.ActiveCfg = Release|Any CPU
		{587C905F-1889-4945-934A-C2EBBA4ECCD0}.Release|Any CPU.Build.0 = Release|Any CPU
	EndGlobalSection
	GlobalSection(SolutionProperties) = preSolution
		HideSolutionNode = FALSE
	EndGlobalSection
	GlobalSection(ExtensibilityGlobals) = postSolution
		SolutionGuid = {1053699E-2360-4AE2-9125-653F51D3C514}
	EndGlobalSection
EndGlobal
